// !$*UTF8*$!
{
	archiveVersion = 1;
	classes = {
	};
	objectVersion = 56;
	objects = {

/* Begin PBXBuildFile section */
		0402C6BA2A18EACC00238C51 /* Constants.swift in Sources */ = {isa = PBXBuildFile; fileRef = 0402C6B92A18EACC00238C51 /* Constants.swift */; };
		04C71FA22A06F37800417249 /* VisitedApp.swift in Sources */ = {isa = PBXBuildFile; fileRef = 04C71FA12A06F37800417249 /* VisitedApp.swift */; };
		04C71FA62A06F37900417249 /* Assets.xcassets in Resources */ = {isa = PBXBuildFile; fileRef = 04C71FA52A06F37900417249 /* Assets.xcassets */; };
		04C71FB02A06F39900417249 /* RootView.swift in Sources */ = {isa = PBXBuildFile; fileRef = 04C71FAF2A06F39900417249 /* RootView.swift */; };
		04C71FB22A06F3AE00417249 /* ViewModel.swift in Sources */ = {isa = PBXBuildFile; fileRef = 04C71FB12A06F3AE00417249 /* ViewModel.swift */; };
		04C71FB42A06F3BF00417249 /* Place.swift in Sources */ = {isa = PBXBuildFile; fileRef = 04C71FB32A06F3BF00417249 /* Place.swift */; };
		04C71FB72A06F60100417249 /* Visited.xcdatamodeld in Sources */ = {isa = PBXBuildFile; fileRef = 04C71FB52A06F60100417249 /* Visited.xcdatamodeld */; };
		04C71FB92A06F82600417249 /* MapView.swift in Sources */ = {isa = PBXBuildFile; fileRef = 04C71FB82A06F82600417249 /* MapView.swift */; };
		04C71FC22A06F87700417249 /* NSObject.swift in Sources */ = {isa = PBXBuildFile; fileRef = 04C71FC12A06F87700417249 /* NSObject.swift */; };
		04C71FC52A06FD8A00417249 /* CarbonCopy.swift in Sources */ = {isa = PBXBuildFile; fileRef = 04C71FC42A06FD8A00417249 /* CarbonCopy.swift */; };
		04C71FC72A06FDA900417249 /* DraggableTitle.swift in Sources */ = {isa = PBXBuildFile; fileRef = 04C71FC62A06FDA900417249 /* DraggableTitle.swift */; };
		04C71FC92A06FDBB00417249 /* DismissCross.swift in Sources */ = {isa = PBXBuildFile; fileRef = 04C71FC82A06FDBB00417249 /* DismissCross.swift */; };
		04C71FCB2A06FDCB00417249 /* ShareView.swift in Sources */ = {isa = PBXBuildFile; fileRef = 04C71FCA2A06FDCB00417249 /* ShareView.swift */; };
		04C71FCD2A06FE0900417249 /* EmailView.swift in Sources */ = {isa = PBXBuildFile; fileRef = 04C71FCC2A06FE0900417249 /* EmailView.swift */; };
		04C71FCF2A06FE4200417249 /* InfoView.swift in Sources */ = {isa = PBXBuildFile; fileRef = 04C71FCE2A06FE4200417249 /* InfoView.swift */; };
		04C71FD12A06FE7B00417249 /* View.swift in Sources */ = {isa = PBXBuildFile; fileRef = 04C71FD02A06FE7B00417249 /* View.swift */; };
		04C71FD32A06FEC300417249 /* MapButtons.swift in Sources */ = {isa = PBXBuildFile; fileRef = 04C71FD22A06FEC300417249 /* MapButtons.swift */; };
		04C71FD52A07001200417249 /* PlaceView.swift in Sources */ = {isa = PBXBuildFile; fileRef = 04C71FD42A07001200417249 /* PlaceView.swift */; };
		04C71FD82A0701A900417249 /* Storage.swift in Sources */ = {isa = PBXBuildFile; fileRef = 04C71FD72A0701A900417249 /* Storage.swift */; };
		04C71FDA2A0701BE00417249 /* Emails.swift in Sources */ = {isa = PBXBuildFile; fileRef = 04C71FD92A0701BE00417249 /* Emails.swift */; };
		04C71FDC2A0701C400417249 /* Haptics.swift in Sources */ = {isa = PBXBuildFile; fileRef = 04C71FDB2A0701C400417249 /* Haptics.swift */; };
		04C71FDE2A0701CF00417249 /* Store.swift in Sources */ = {isa = PBXBuildFile; fileRef = 04C71FDD2A0701CF00417249 /* Store.swift */; };
		04C71FE02A07076000417249 /* String.swift in Sources */ = {isa = PBXBuildFile; fileRef = 04C71FDF2A07076000417249 /* String.swift */; };
		04C71FE22A07154400417249 /* CLLocationCoordinate2D.swift in Sources */ = {isa = PBXBuildFile; fileRef = 04C71FE12A07154400417249 /* CLLocationCoordinate2D.swift */; };
		04C71FE52A07187400417249 /* Collection.swift in Sources */ = {isa = PBXBuildFile; fileRef = 04C71FE42A07187400417249 /* Collection.swift */; };
		04C71FE72A071ACB00417249 /* Image.swift in Sources */ = {isa = PBXBuildFile; fileRef = 04C71FE62A071ACB00417249 /* Image.swift */; };
		04C71FE92A0725DF00417249 /* Launch Screen.storyboard in Resources */ = {isa = PBXBuildFile; fileRef = 04C71FE82A0725DF00417249 /* Launch Screen.storyboard */; };
/* End PBXBuildFile section */

/* Begin PBXFileReference section */
		0402C6B92A18EACC00238C51 /* Constants.swift */ = {isa = PBXFileReference; lastKnownFileType = sourcecode.swift; path = Constants.swift; sourceTree = "<group>"; };
		04C71F9E2A06F37800417249 /* Visited.app */ = {isa = PBXFileReference; explicitFileType = wrapper.application; includeInIndex = 0; path = Visited.app; sourceTree = BUILT_PRODUCTS_DIR; };
		04C71FA12A06F37800417249 /* VisitedApp.swift */ = {isa = PBXFileReference; lastKnownFileType = sourcecode.swift; path = VisitedApp.swift; sourceTree = "<group>"; };
		04C71FA52A06F37900417249 /* Assets.xcassets */ = {isa = PBXFileReference; lastKnownFileType = folder.assetcatalog; path = Assets.xcassets; sourceTree = "<group>"; };
		04C71FAF2A06F39900417249 /* RootView.swift */ = {isa = PBXFileReference; lastKnownFileType = sourcecode.swift; path = RootView.swift; sourceTree = "<group>"; };
		04C71FB12A06F3AE00417249 /* ViewModel.swift */ = {isa = PBXFileReference; lastKnownFileType = sourcecode.swift; path = ViewModel.swift; sourceTree = "<group>"; };
		04C71FB32A06F3BF00417249 /* Place.swift */ = {isa = PBXFileReference; lastKnownFileType = sourcecode.swift; path = Place.swift; sourceTree = "<group>"; };
		04C71FB62A06F60100417249 /* Visited.xcdatamodel */ = {isa = PBXFileReference; lastKnownFileType = wrapper.xcdatamodel; path = Visited.xcdatamodel; sourceTree = "<group>"; };
		04C71FB82A06F82600417249 /* MapView.swift */ = {isa = PBXFileReference; lastKnownFileType = sourcecode.swift; path = MapView.swift; sourceTree = "<group>"; };
		04C71FC12A06F87700417249 /* NSObject.swift */ = {isa = PBXFileReference; lastKnownFileType = sourcecode.swift; path = NSObject.swift; sourceTree = "<group>"; };
		04C71FC42A06FD8A00417249 /* CarbonCopy.swift */ = {isa = PBXFileReference; lastKnownFileType = sourcecode.swift; path = CarbonCopy.swift; sourceTree = "<group>"; };
		04C71FC62A06FDA900417249 /* DraggableTitle.swift */ = {isa = PBXFileReference; lastKnownFileType = sourcecode.swift; path = DraggableTitle.swift; sourceTree = "<group>"; };
		04C71FC82A06FDBB00417249 /* DismissCross.swift */ = {isa = PBXFileReference; lastKnownFileType = sourcecode.swift; path = DismissCross.swift; sourceTree = "<group>"; };
		04C71FCA2A06FDCB00417249 /* ShareView.swift */ = {isa = PBXFileReference; lastKnownFileType = sourcecode.swift; path = ShareView.swift; sourceTree = "<group>"; };
		04C71FCC2A06FE0900417249 /* EmailView.swift */ = {isa = PBXFileReference; lastKnownFileType = sourcecode.swift; path = EmailView.swift; sourceTree = "<group>"; };
		04C71FCE2A06FE4200417249 /* InfoView.swift */ = {isa = PBXFileReference; lastKnownFileType = sourcecode.swift; path = InfoView.swift; sourceTree = "<group>"; };
		04C71FD02A06FE7B00417249 /* View.swift */ = {isa = PBXFileReference; lastKnownFileType = sourcecode.swift; path = View.swift; sourceTree = "<group>"; };
		04C71FD22A06FEC300417249 /* MapButtons.swift */ = {isa = PBXFileReference; lastKnownFileType = sourcecode.swift; path = MapButtons.swift; sourceTree = "<group>"; };
		04C71FD42A07001200417249 /* PlaceView.swift */ = {isa = PBXFileReference; lastKnownFileType = sourcecode.swift; path = PlaceView.swift; sourceTree = "<group>"; };
		04C71FD72A0701A900417249 /* Storage.swift */ = {isa = PBXFileReference; lastKnownFileType = sourcecode.swift; path = Storage.swift; sourceTree = "<group>"; };
		04C71FD92A0701BE00417249 /* Emails.swift */ = {isa = PBXFileReference; lastKnownFileType = sourcecode.swift; path = Emails.swift; sourceTree = "<group>"; };
		04C71FDB2A0701C400417249 /* Haptics.swift */ = {isa = PBXFileReference; lastKnownFileType = sourcecode.swift; path = Haptics.swift; sourceTree = "<group>"; };
		04C71FDD2A0701CF00417249 /* Store.swift */ = {isa = PBXFileReference; lastKnownFileType = sourcecode.swift; path = Store.swift; sourceTree = "<group>"; };
		04C71FDF2A07076000417249 /* String.swift */ = {isa = PBXFileReference; lastKnownFileType = sourcecode.swift; path = String.swift; sourceTree = "<group>"; };
		04C71FE12A07154400417249 /* CLLocationCoordinate2D.swift */ = {isa = PBXFileReference; lastKnownFileType = sourcecode.swift; path = CLLocationCoordinate2D.swift; sourceTree = "<group>"; };
		04C71FE42A07187400417249 /* Collection.swift */ = {isa = PBXFileReference; lastKnownFileType = sourcecode.swift; path = Collection.swift; sourceTree = "<group>"; };
		04C71FE62A071ACB00417249 /* Image.swift */ = {isa = PBXFileReference; lastKnownFileType = sourcecode.swift; path = Image.swift; sourceTree = "<group>"; };
		04C71FE82A0725DF00417249 /* Launch Screen.storyboard */ = {isa = PBXFileReference; lastKnownFileType = file.storyboard; path = "Launch Screen.storyboard"; sourceTree = "<group>"; };
/* End PBXFileReference section */

/* Begin PBXFrameworksBuildPhase section */
		04C71F9B2A06F37800417249 /* Frameworks */ = {
			isa = PBXFrameworksBuildPhase;
			buildActionMask = 2147483647;
			files = (
			);
			runOnlyForDeploymentPostprocessing = 0;
		};
/* End PBXFrameworksBuildPhase section */

/* Begin PBXGroup section */
		04C71F952A06F37800417249 = {
			isa = PBXGroup;
			children = (
				04C71FA02A06F37800417249 /* Visited */,
				04C71F9F2A06F37800417249 /* Products */,
			);
			sourceTree = "<group>";
		};
		04C71F9F2A06F37800417249 /* Products */ = {
			isa = PBXGroup;
			children = (
				04C71F9E2A06F37800417249 /* Visited.app */,
			);
			name = Products;
			sourceTree = "<group>";
		};
		04C71FA02A06F37800417249 /* Visited */ = {
			isa = PBXGroup;
			children = (
				04C71FA12A06F37800417249 /* VisitedApp.swift */,
				04C71FBE2A06F85E00417249 /* Views */,
				04C71FBD2A06F85400417249 /* Models */,
				04C71FD62A07018E00417249 /* Helpers */,
				04C71FBF2A06F86500417249 /* Extensions */,
				04C71FBA2A06F83800417249 /* Resources */,
			);
			path = Visited;
			sourceTree = "<group>";
		};
		04C71FBA2A06F83800417249 /* Resources */ = {
			isa = PBXGroup;
			children = (
				04C71FB52A06F60100417249 /* Visited.xcdatamodeld */,
				04C71FA52A06F37900417249 /* Assets.xcassets */,
				04C71FE82A0725DF00417249 /* Launch Screen.storyboard */,
			);
			path = Resources;
			sourceTree = "<group>";
		};
		04C71FBD2A06F85400417249 /* Models */ = {
			isa = PBXGroup;
			children = (
				04C71FB12A06F3AE00417249 /* ViewModel.swift */,
				04C71FB32A06F3BF00417249 /* Place.swift */,
			);
			path = Models;
			sourceTree = "<group>";
		};
		04C71FBE2A06F85E00417249 /* Views */ = {
			isa = PBXGroup;
			children = (
				04C71FAF2A06F39900417249 /* RootView.swift */,
				04C71FB82A06F82600417249 /* MapView.swift */,
				04C71FD22A06FEC300417249 /* MapButtons.swift */,
				04C71FD42A07001200417249 /* PlaceView.swift */,
				04C71FCE2A06FE4200417249 /* InfoView.swift */,
				04C71FC02A06F86C00417249 /* Extra */,
			);
			path = Views;
			sourceTree = "<group>";
		};
		04C71FBF2A06F86500417249 /* Extensions */ = {
			isa = PBXGroup;
			children = (
				04C71FE12A07154400417249 /* CLLocationCoordinate2D.swift */,
				04C71FE42A07187400417249 /* Collection.swift */,
				04C71FE62A071ACB00417249 /* Image.swift */,
				04C71FC12A06F87700417249 /* NSObject.swift */,
				04C71FDF2A07076000417249 /* String.swift */,
			);
			path = Extensions;
			sourceTree = "<group>";
		};
		04C71FC02A06F86C00417249 /* Extra */ = {
			isa = PBXGroup;
			children = (
				04C71FC42A06FD8A00417249 /* CarbonCopy.swift */,
				04C71FC62A06FDA900417249 /* DraggableTitle.swift */,
				04C71FC82A06FDBB00417249 /* DismissCross.swift */,
				04C71FCA2A06FDCB00417249 /* ShareView.swift */,
				04C71FCC2A06FE0900417249 /* EmailView.swift */,
				04C71FD02A06FE7B00417249 /* View.swift */,
			);
			path = Extra;
			sourceTree = "<group>";
		};
		04C71FD62A07018E00417249 /* Helpers */ = {
			isa = PBXGroup;
			children = (
				0402C6B92A18EACC00238C51 /* Constants.swift */,
				04C71FD92A0701BE00417249 /* Emails.swift */,
				04C71FDB2A0701C400417249 /* Haptics.swift */,
				04C71FD72A0701A900417249 /* Storage.swift */,
				04C71FDD2A0701CF00417249 /* Store.swift */,
			);
			path = Helpers;
			sourceTree = "<group>";
		};
/* End PBXGroup section */

/* Begin PBXNativeTarget section */
		04C71F9D2A06F37800417249 /* Visited */ = {
			isa = PBXNativeTarget;
			buildConfigurationList = 04C71FAC2A06F37900417249 /* Build configuration list for PBXNativeTarget "Visited" */;
			buildPhases = (
				04C71F9A2A06F37800417249 /* Sources */,
				04C71F9B2A06F37800417249 /* Frameworks */,
				04C71F9C2A06F37800417249 /* Resources */,
			);
			buildRules = (
			);
			dependencies = (
			);
			name = Visited;
			productName = Visited;
			productReference = 04C71F9E2A06F37800417249 /* Visited.app */;
			productType = "com.apple.product-type.application";
		};
/* End PBXNativeTarget section */

/* Begin PBXProject section */
		04C71F962A06F37800417249 /* Project object */ = {
			isa = PBXProject;
			attributes = {
				BuildIndependentTargetsInParallel = 1;
				LastSwiftUpdateCheck = 1430;
				LastUpgradeCheck = 1430;
				TargetAttributes = {
					04C71F9D2A06F37800417249 = {
						CreatedOnToolsVersion = 14.3;
					};
				};
			};
			buildConfigurationList = 04C71F992A06F37800417249 /* Build configuration list for PBXProject "Visited" */;
			compatibilityVersion = "Xcode 14.0";
			developmentRegion = en;
			hasScannedForEncodings = 0;
			knownRegions = (
				en,
				Base,
			);
			mainGroup = 04C71F952A06F37800417249;
			productRefGroup = 04C71F9F2A06F37800417249 /* Products */;
			projectDirPath = "";
			projectRoot = "";
			targets = (
				04C71F9D2A06F37800417249 /* Visited */,
			);
		};
/* End PBXProject section */

/* Begin PBXResourcesBuildPhase section */
		04C71F9C2A06F37800417249 /* Resources */ = {
			isa = PBXResourcesBuildPhase;
			buildActionMask = 2147483647;
			files = (
				04C71FE92A0725DF00417249 /* Launch Screen.storyboard in Resources */,
				04C71FA62A06F37900417249 /* Assets.xcassets in Resources */,
			);
			runOnlyForDeploymentPostprocessing = 0;
		};
/* End PBXResourcesBuildPhase section */

/* Begin PBXSourcesBuildPhase section */
		04C71F9A2A06F37800417249 /* Sources */ = {
			isa = PBXSourcesBuildPhase;
			buildActionMask = 2147483647;
			files = (
				0402C6BA2A18EACC00238C51 /* Constants.swift in Sources */,
				04C71FB72A06F60100417249 /* Visited.xcdatamodeld in Sources */,
				04C71FE72A071ACB00417249 /* Image.swift in Sources */,
				04C71FC72A06FDA900417249 /* DraggableTitle.swift in Sources */,
				04C71FCB2A06FDCB00417249 /* ShareView.swift in Sources */,
				04C71FE22A07154400417249 /* CLLocationCoordinate2D.swift in Sources */,
				04C71FB92A06F82600417249 /* MapView.swift in Sources */,
				04C71FC92A06FDBB00417249 /* DismissCross.swift in Sources */,
				04C71FCF2A06FE4200417249 /* InfoView.swift in Sources */,
				04C71FDA2A0701BE00417249 /* Emails.swift in Sources */,
				04C71FCD2A06FE0900417249 /* EmailView.swift in Sources */,
				04C71FB02A06F39900417249 /* RootView.swift in Sources */,
				04C71FD32A06FEC300417249 /* MapButtons.swift in Sources */,
				04C71FC52A06FD8A00417249 /* CarbonCopy.swift in Sources */,
				04C71FD52A07001200417249 /* PlaceView.swift in Sources */,
				04C71FC22A06F87700417249 /* NSObject.swift in Sources */,
				04C71FB22A06F3AE00417249 /* ViewModel.swift in Sources */,
				04C71FA22A06F37800417249 /* VisitedApp.swift in Sources */,
				04C71FDE2A0701CF00417249 /* Store.swift in Sources */,
				04C71FD12A06FE7B00417249 /* View.swift in Sources */,
				04C71FDC2A0701C400417249 /* Haptics.swift in Sources */,
				04C71FE52A07187400417249 /* Collection.swift in Sources */,
				04C71FE02A07076000417249 /* String.swift in Sources */,
				04C71FD82A0701A900417249 /* Storage.swift in Sources */,
				04C71FB42A06F3BF00417249 /* Place.swift in Sources */,
			);
			runOnlyForDeploymentPostprocessing = 0;
		};
/* End PBXSourcesBuildPhase section */

/* Begin XCBuildConfiguration section */
		04C71FAA2A06F37900417249 /* Debug */ = {
			isa = XCBuildConfiguration;
			buildSettings = {
				ALWAYS_SEARCH_USER_PATHS = NO;
				CLANG_ANALYZER_NONNULL = YES;
				CLANG_ANALYZER_NUMBER_OBJECT_CONVERSION = YES_AGGRESSIVE;
				CLANG_CXX_LANGUAGE_STANDARD = "gnu++20";
				CLANG_ENABLE_MODULES = YES;
				CLANG_ENABLE_OBJC_ARC = YES;
				CLANG_ENABLE_OBJC_WEAK = YES;
				CLANG_WARN_BLOCK_CAPTURE_AUTORELEASING = YES;
				CLANG_WARN_BOOL_CONVERSION = YES;
				CLANG_WARN_COMMA = YES;
				CLANG_WARN_CONSTANT_CONVERSION = YES;
				CLANG_WARN_DEPRECATED_OBJC_IMPLEMENTATIONS = YES;
				CLANG_WARN_DIRECT_OBJC_ISA_USAGE = YES_ERROR;
				CLANG_WARN_DOCUMENTATION_COMMENTS = YES;
				CLANG_WARN_EMPTY_BODY = YES;
				CLANG_WARN_ENUM_CONVERSION = YES;
				CLANG_WARN_INFINITE_RECURSION = YES;
				CLANG_WARN_INT_CONVERSION = YES;
				CLANG_WARN_NON_LITERAL_NULL_CONVERSION = YES;
				CLANG_WARN_OBJC_IMPLICIT_RETAIN_SELF = YES;
				CLANG_WARN_OBJC_LITERAL_CONVERSION = YES;
				CLANG_WARN_OBJC_ROOT_CLASS = YES_ERROR;
				CLANG_WARN_QUOTED_INCLUDE_IN_FRAMEWORK_HEADER = YES;
				CLANG_WARN_RANGE_LOOP_ANALYSIS = YES;
				CLANG_WARN_STRICT_PROTOTYPES = YES;
				CLANG_WARN_SUSPICIOUS_MOVE = YES;
				CLANG_WARN_UNGUARDED_AVAILABILITY = YES_AGGRESSIVE;
				CLANG_WARN_UNREACHABLE_CODE = YES;
				CLANG_WARN__DUPLICATE_METHOD_MATCH = YES;
				COPY_PHASE_STRIP = NO;
				DEBUG_INFORMATION_FORMAT = dwarf;
				ENABLE_STRICT_OBJC_MSGSEND = YES;
				ENABLE_TESTABILITY = YES;
				GCC_C_LANGUAGE_STANDARD = gnu11;
				GCC_DYNAMIC_NO_PIC = NO;
				GCC_NO_COMMON_BLOCKS = YES;
				GCC_OPTIMIZATION_LEVEL = 0;
				GCC_PREPROCESSOR_DEFINITIONS = (
					"DEBUG=1",
					"$(inherited)",
				);
				GCC_WARN_64_TO_32_BIT_CONVERSION = YES;
				GCC_WARN_ABOUT_RETURN_TYPE = YES_ERROR;
				GCC_WARN_UNDECLARED_SELECTOR = YES;
				GCC_WARN_UNINITIALIZED_AUTOS = YES_AGGRESSIVE;
				GCC_WARN_UNUSED_FUNCTION = YES;
				GCC_WARN_UNUSED_VARIABLE = YES;
				IPHONEOS_DEPLOYMENT_TARGET = 16.4;
				MTL_ENABLE_DEBUG_INFO = INCLUDE_SOURCE;
				MTL_FAST_MATH = YES;
				ONLY_ACTIVE_ARCH = YES;
				SDKROOT = iphoneos;
				SWIFT_ACTIVE_COMPILATION_CONDITIONS = DEBUG;
				SWIFT_OPTIMIZATION_LEVEL = "-Onone";
			};
			name = Debug;
		};
		04C71FAB2A06F37900417249 /* Release */ = {
			isa = XCBuildConfiguration;
			buildSettings = {
				ALWAYS_SEARCH_USER_PATHS = NO;
				CLANG_ANALYZER_NONNULL = YES;
				CLANG_ANALYZER_NUMBER_OBJECT_CONVERSION = YES_AGGRESSIVE;
				CLANG_CXX_LANGUAGE_STANDARD = "gnu++20";
				CLANG_ENABLE_MODULES = YES;
				CLANG_ENABLE_OBJC_ARC = YES;
				CLANG_ENABLE_OBJC_WEAK = YES;
				CLANG_WARN_BLOCK_CAPTURE_AUTORELEASING = YES;
				CLANG_WARN_BOOL_CONVERSION = YES;
				CLANG_WARN_COMMA = YES;
				CLANG_WARN_CONSTANT_CONVERSION = YES;
				CLANG_WARN_DEPRECATED_OBJC_IMPLEMENTATIONS = YES;
				CLANG_WARN_DIRECT_OBJC_ISA_USAGE = YES_ERROR;
				CLANG_WARN_DOCUMENTATION_COMMENTS = YES;
				CLANG_WARN_EMPTY_BODY = YES;
				CLANG_WARN_ENUM_CONVERSION = YES;
				CLANG_WARN_INFINITE_RECURSION = YES;
				CLANG_WARN_INT_CONVERSION = YES;
				CLANG_WARN_NON_LITERAL_NULL_CONVERSION = YES;
				CLANG_WARN_OBJC_IMPLICIT_RETAIN_SELF = YES;
				CLANG_WARN_OBJC_LITERAL_CONVERSION = YES;
				CLANG_WARN_OBJC_ROOT_CLASS = YES_ERROR;
				CLANG_WARN_QUOTED_INCLUDE_IN_FRAMEWORK_HEADER = YES;
				CLANG_WARN_RANGE_LOOP_ANALYSIS = YES;
				CLANG_WARN_STRICT_PROTOTYPES = YES;
				CLANG_WARN_SUSPICIOUS_MOVE = YES;
				CLANG_WARN_UNGUARDED_AVAILABILITY = YES_AGGRESSIVE;
				CLANG_WARN_UNREACHABLE_CODE = YES;
				CLANG_WARN__DUPLICATE_METHOD_MATCH = YES;
				COPY_PHASE_STRIP = NO;
				DEBUG_INFORMATION_FORMAT = "dwarf-with-dsym";
				ENABLE_NS_ASSERTIONS = NO;
				ENABLE_STRICT_OBJC_MSGSEND = YES;
				GCC_C_LANGUAGE_STANDARD = gnu11;
				GCC_NO_COMMON_BLOCKS = YES;
				GCC_WARN_64_TO_32_BIT_CONVERSION = YES;
				GCC_WARN_ABOUT_RETURN_TYPE = YES_ERROR;
				GCC_WARN_UNDECLARED_SELECTOR = YES;
				GCC_WARN_UNINITIALIZED_AUTOS = YES_AGGRESSIVE;
				GCC_WARN_UNUSED_FUNCTION = YES;
				GCC_WARN_UNUSED_VARIABLE = YES;
				IPHONEOS_DEPLOYMENT_TARGET = 16.4;
				MTL_ENABLE_DEBUG_INFO = NO;
				MTL_FAST_MATH = YES;
				SDKROOT = iphoneos;
				SWIFT_COMPILATION_MODE = wholemodule;
				SWIFT_OPTIMIZATION_LEVEL = "-O";
				VALIDATE_PRODUCT = YES;
			};
			name = Release;
		};
		04C71FAD2A06F37900417249 /* Debug */ = {
			isa = XCBuildConfiguration;
			buildSettings = {
				ASSETCATALOG_COMPILER_APPICON_NAME = AppIcon;
				ASSETCATALOG_COMPILER_GLOBAL_ACCENT_COLOR_NAME = AccentColor;
				CODE_SIGN_STYLE = Automatic;
				CURRENT_PROJECT_VERSION = 1;
				DEVELOPMENT_ASSET_PATHS = "";
				DEVELOPMENT_TEAM = 4CQW4CFFYT;
				ENABLE_PREVIEWS = YES;
				GENERATE_INFOPLIST_FILE = YES;
				INFOPLIST_FILE = "";
				INFOPLIST_KEY_CFBundleDisplayName = "My Places";
				INFOPLIST_KEY_NSLocationWhenInUseUsageDescription = "Your location is shown on the map.";
				INFOPLIST_KEY_UIApplicationSupportsIndirectInputEvents = YES;
				INFOPLIST_KEY_UILaunchScreen_Generation = YES;
				INFOPLIST_KEY_UISupportedInterfaceOrientations = "UIInterfaceOrientationLandscapeLeft UIInterfaceOrientationLandscapeRight UIInterfaceOrientationPortrait UIInterfaceOrientationPortraitUpsideDown";
				IPHONEOS_DEPLOYMENT_TARGET = 15.0;
				LD_RUNPATH_SEARCH_PATHS = (
					"$(inherited)",
					"@executable_path/Frameworks",
				);
				MARKETING_VERSION = 1.0;
				PRODUCT_BUNDLE_IDENTIFIER = com.jackfinnis.Visited;
				PRODUCT_NAME = "$(TARGET_NAME)";
				SWIFT_EMIT_LOC_STRINGS = YES;
				SWIFT_VERSION = 5.0;
				TARGETED_DEVICE_FAMILY = "1,2";
			};
			name = Debug;
		};
		04C71FAE2A06F37900417249 /* Release */ = {
			isa = XCBuildConfiguration;
			buildSettings = {
				ASSETCATALOG_COMPILER_APPICON_NAME = AppIcon;
				ASSETCATALOG_COMPILER_GLOBAL_ACCENT_COLOR_NAME = AccentColor;
				CODE_SIGN_STYLE = Automatic;
				CURRENT_PROJECT_VERSION = 1;
				DEVELOPMENT_ASSET_PATHS = "";
				DEVELOPMENT_TEAM = 4CQW4CFFYT;
				ENABLE_PREVIEWS = YES;
				GENERATE_INFOPLIST_FILE = YES;
				INFOPLIST_FILE = "";
				INFOPLIST_KEY_CFBundleDisplayName = "My Places";
				INFOPLIST_KEY_NSLocationWhenInUseUsageDescription = "Your location is shown on the map.";
				INFOPLIST_KEY_UIApplicationSupportsIndirectInputEvents = YES;
				INFOPLIST_KEY_UILaunchScreen_Generation = YES;
				INFOPLIST_KEY_UISupportedInterfaceOrientations = "UIInterfaceOrientationLandscapeLeft UIInterfaceOrientationLandscapeRight UIInterfaceOrientationPortrait UIInterfaceOrientationPortraitUpsideDown";
				IPHONEOS_DEPLOYMENT_TARGET = 15.0;
				LD_RUNPATH_SEARCH_PATHS = (
					"$(inherited)",
					"@executable_path/Frameworks",
				);
				MARKETING_VERSION = 1.0;
				PRODUCT_BUNDLE_IDENTIFIER = com.jackfinnis.Visited;
				PRODUCT_NAME = "$(TARGET_NAME)";
				SWIFT_EMIT_LOC_STRINGS = YES;
				SWIFT_VERSION = 5.0;
				TARGETED_DEVICE_FAMILY = "1,2";
			};
			name = Release;
		};
/* End XCBuildConfiguration section */

/* Begin XCConfigurationList section */
		04C71F992A06F37800417249 /* Build configuration list for PBXProject "Visited" */ = {
			isa = XCConfigurationList;
			buildConfigurations = (
				04C71FAA2A06F37900417249 /* Debug */,
				04C71FAB2A06F37900417249 /* Release */,
			);
			defaultConfigurationIsVisible = 0;
			defaultConfigurationName = Release;
		};
		04C71FAC2A06F37900417249 /* Build configuration list for PBXNativeTarget "Visited" */ = {
			isa = XCConfigurationList;
			buildConfigurations = (
				04C71FAD2A06F37900417249 /* Debug */,
				04C71FAE2A06F37900417249 /* Release */,
			);
			defaultConfigurationIsVisible = 0;
			defaultConfigurationName = Release;
		};
/* End XCConfigurationList section */

/* Begin XCVersionGroup section */
		04C71FB52A06F60100417249 /* Visited.xcdatamodeld */ = {
			isa = XCVersionGroup;
			children = (
				04C71FB62A06F60100417249 /* Visited.xcdatamodel */,
			);
			currentVersion = 04C71FB62A06F60100417249 /* Visited.xcdatamodel */;
			path = Visited.xcdatamodeld;
			sourceTree = "<group>";
			versionGroupType = wrapper.xcdatamodel;
		};
/* End XCVersionGroup section */
	};
	rootObject = 04C71F962A06F37800417249 /* Project object */;
}
